
Microsoft Visual Studio Solution File, Format Version 12.00
# Visual Studio 15
Project("{FAE04EC0-301F-11D3-BF4B-00C04F79EFBC}") = "Assembly-CSharp", "Assembly-CSharp.csproj", "{1DB2F81D-2A1F-88C4-B595-9D0A14FA281C}"
EndProject
Global
	GlobalSection(SolutionConfigurationPlatforms) = preSolution
		Debug|Any CPU = Debug|Any CPU
		Release|Any CPU = Release|Any CPU
	EndGlobalSection
	GlobalSection(ProjectConfigurationPlatforms) = postSolution
		{1DB2F81D-2A1F-88C4-B595-9D0A14FA281C}.Debug|Any CPU.ActiveCfg = Debug|Any CPU
		{1DB2F81D-2A1F-88C4-B595-9D0A14FA281C}.Debug|Any CPU.Build.0 = Debug|Any CPU
		{1DB2F81D-2A1F-88C4-B595-9D0A14FA281C}.Release|Any CPU.ActiveCfg = Release|Any CPU
		{1DB2F81D-2A1F-88C4-B595-9D0A14FA281C}.Release|Any CPU.Build.0 = Release|Any CPU
	EndGlobalSection
	GlobalSection(SolutionProperties) = preSolution
		HideSolutionNode = FALSE
	EndGlobalSection
EndGlobal
